
Microsoft Visual Studio Solution File, Format Version 12.00
# Visual Studio Version 16
VisualStudioVersion = 16.0.31702.278
MinimumVisualStudioVersion = 10.0.40219.1
Project("{FAE04EC0-301F-11D3-BF4B-00C04F79EFBC}") = "RectangleEncapsulationApp", "RectangleEncapsulationApp\RectangleEncapsulationApp.csproj", "{911FC01F-8D9A-48A5-9704-E3CAB966D87B}"
EndProject
Global
	GlobalSection(SolutionConfigurationPlatforms) = preSolution
		Debug|Any CPU = Debug|Any CPU
		Release|Any CPU = Release|Any CPU
	EndGlobalSection
	GlobalSection(ProjectConfigurationPlatforms) = postSolution
		{911FC01F-8D9A-48A5-9704-E3CAB966D87B}.Debug|Any CPU.ActiveCfg = Debug|Any CPU
		{911FC01F-8D9A-48A5-9704-E3CAB966D87B}.Debug|Any CPU.Build.0 = Debug|Any CPU
		{911FC01F-8D9A-48A5-9704-E3CAB966D87B}.Release|Any CPU.ActiveCfg = Release|Any CPU
		{911FC01F-8D9A-48A5-9704-E3CAB966D87B}.Release|Any CPU.Build.0 = Release|Any CPU
	EndGlobalSection
	GlobalSection(SolutionProperties) = preSolution
		HideSolutionNode = FALSE
	EndGlobalSection
	GlobalSection(ExtensibilityGlobals) = postSolution
		SolutionGuid = {87146783-8558-4D6E-91A4-789E673146D9}
	EndGlobalSection
EndGlobal
