
Microsoft Visual Studio Solution File, Format Version 12.00
# Visual Studio Version 16
VisualStudioVersion = 16.0.31702.278
MinimumVisualStudioVersion = 10.0.40219.1
Project("{FAE04EC0-301F-11D3-BF4B-00C04F79EFBC}") = "AccountPolymorphismApp", "AccountPolymorphismApp\AccountPolymorphismApp.csproj", "{9AF4ECA9-CDC7-4D9F-A3C0-E19B87A87ACC}"
EndProject
Global
	GlobalSection(SolutionConfigurationPlatforms) = preSolution
		Debug|Any CPU = Debug|Any CPU
		Release|Any CPU = Release|Any CPU
	EndGlobalSection
	GlobalSection(ProjectConfigurationPlatforms) = postSolution
		{9AF4ECA9-CDC7-4D9F-A3C0-E19B87A87ACC}.Debug|Any CPU.ActiveCfg = Debug|Any CPU
		{9AF4ECA9-CDC7-4D9F-A3C0-E19B87A87ACC}.Debug|Any CPU.Build.0 = Debug|Any CPU
		{9AF4ECA9-CDC7-4D9F-A3C0-E19B87A87ACC}.Release|Any CPU.ActiveCfg = Release|Any CPU
		{9AF4ECA9-CDC7-4D9F-A3C0-E19B87A87ACC}.Release|Any CPU.Build.0 = Release|Any CPU
	EndGlobalSection
	GlobalSection(SolutionProperties) = preSolution
		HideSolutionNode = FALSE
	EndGlobalSection
	GlobalSection(ExtensibilityGlobals) = postSolution
		SolutionGuid = {178D1B57-5D67-4A5F-94B5-277DA574772A}
	EndGlobalSection
EndGlobal
