
Microsoft Visual Studio Solution File, Format Version 12.00
# Visual Studio Version 16
VisualStudioVersion = 16.0.31702.278
MinimumVisualStudioVersion = 10.0.40219.1
Project("{FAE04EC0-301F-11D3-BF4B-00C04F79EFBC}") = "ExceptionCallStack", "ExceptionCallStack\ExceptionCallStack.csproj", "{C875598E-AEC8-487E-B19A-BF5497856C8F}"
EndProject
Global
	GlobalSection(SolutionConfigurationPlatforms) = preSolution
		Debug|Any CPU = Debug|Any CPU
		Release|Any CPU = Release|Any CPU
	EndGlobalSection
	GlobalSection(ProjectConfigurationPlatforms) = postSolution
		{C875598E-AEC8-487E-B19A-BF5497856C8F}.Debug|Any CPU.ActiveCfg = Debug|Any CPU
		{C875598E-AEC8-487E-B19A-BF5497856C8F}.Debug|Any CPU.Build.0 = Debug|Any CPU
		{C875598E-AEC8-487E-B19A-BF5497856C8F}.Release|Any CPU.ActiveCfg = Release|Any CPU
		{C875598E-AEC8-487E-B19A-BF5497856C8F}.Release|Any CPU.Build.0 = Release|Any CPU
	EndGlobalSection
	GlobalSection(SolutionProperties) = preSolution
		HideSolutionNode = FALSE
	EndGlobalSection
	GlobalSection(ExtensibilityGlobals) = postSolution
		SolutionGuid = {A70C65D1-C8DF-45C2-A2C0-25B2FF1DE0A7}
	EndGlobalSection
EndGlobal
