
Microsoft Visual Studio Solution File, Format Version 12.00
# Visual Studio Version 16
VisualStudioVersion = 16.0.31702.278
MinimumVisualStudioVersion = 10.0.40219.1
Project("{FAE04EC0-301F-11D3-BF4B-00C04F79EFBC}") = "NumberGuesser", "NumberGuesser\NumberGuesser.csproj", "{E5CAD4EE-6E89-4CA5-A0FE-855DC592B242}"
EndProject
Global
	GlobalSection(SolutionConfigurationPlatforms) = preSolution
		Debug|Any CPU = Debug|Any CPU
		Release|Any CPU = Release|Any CPU
	EndGlobalSection
	GlobalSection(ProjectConfigurationPlatforms) = postSolution
		{E5CAD4EE-6E89-4CA5-A0FE-855DC592B242}.Debug|Any CPU.ActiveCfg = Debug|Any CPU
		{E5CAD4EE-6E89-4CA5-A0FE-855DC592B242}.Debug|Any CPU.Build.0 = Debug|Any CPU
		{E5CAD4EE-6E89-4CA5-A0FE-855DC592B242}.Release|Any CPU.ActiveCfg = Release|Any CPU
		{E5CAD4EE-6E89-4CA5-A0FE-855DC592B242}.Release|Any CPU.Build.0 = Release|Any CPU
	EndGlobalSection
	GlobalSection(SolutionProperties) = preSolution
		HideSolutionNode = FALSE
	EndGlobalSection
	GlobalSection(ExtensibilityGlobals) = postSolution
		SolutionGuid = {C3522913-D87F-444E-88CE-ED6A4683B971}
	EndGlobalSection
EndGlobal
