
Microsoft Visual Studio Solution File, Format Version 12.00
# Visual Studio Version 16
VisualStudioVersion = 16.0.31702.278
MinimumVisualStudioVersion = 10.0.40219.1
Project("{FAE04EC0-301F-11D3-BF4B-00C04F79EFBC}") = "InheritenceConstructorApp2", "InheritenceConstructorApp2\InheritenceConstructorApp2.csproj", "{BDB5D40F-9E6B-4B57-924F-B4982EAE0484}"
EndProject
Global
	GlobalSection(SolutionConfigurationPlatforms) = preSolution
		Debug|Any CPU = Debug|Any CPU
		Release|Any CPU = Release|Any CPU
	EndGlobalSection
	GlobalSection(ProjectConfigurationPlatforms) = postSolution
		{BDB5D40F-9E6B-4B57-924F-B4982EAE0484}.Debug|Any CPU.ActiveCfg = Debug|Any CPU
		{BDB5D40F-9E6B-4B57-924F-B4982EAE0484}.Debug|Any CPU.Build.0 = Debug|Any CPU
		{BDB5D40F-9E6B-4B57-924F-B4982EAE0484}.Release|Any CPU.ActiveCfg = Release|Any CPU
		{BDB5D40F-9E6B-4B57-924F-B4982EAE0484}.Release|Any CPU.Build.0 = Release|Any CPU
	EndGlobalSection
	GlobalSection(SolutionProperties) = preSolution
		HideSolutionNode = FALSE
	EndGlobalSection
	GlobalSection(ExtensibilityGlobals) = postSolution
		SolutionGuid = {A320A9F2-9E68-485D-8BD3-30777D2E214E}
	EndGlobalSection
EndGlobal
