
Microsoft Visual Studio Solution File, Format Version 12.00
# Visual Studio Version 16
VisualStudioVersion = 16.0.31702.278
MinimumVisualStudioVersion = 10.0.40219.1
Project("{FAE04EC0-301F-11D3-BF4B-00C04F79EFBC}") = "SimpleDelegateApp", "SimpleDelegateApp\SimpleDelegateApp.csproj", "{EF0994ED-853C-4681-978E-A26EC28B1140}"
EndProject
Global
	GlobalSection(SolutionConfigurationPlatforms) = preSolution
		Debug|Any CPU = Debug|Any CPU
		Release|Any CPU = Release|Any CPU
	EndGlobalSection
	GlobalSection(ProjectConfigurationPlatforms) = postSolution
		{EF0994ED-853C-4681-978E-A26EC28B1140}.Debug|Any CPU.ActiveCfg = Debug|Any CPU
		{EF0994ED-853C-4681-978E-A26EC28B1140}.Debug|Any CPU.Build.0 = Debug|Any CPU
		{EF0994ED-853C-4681-978E-A26EC28B1140}.Release|Any CPU.ActiveCfg = Release|Any CPU
		{EF0994ED-853C-4681-978E-A26EC28B1140}.Release|Any CPU.Build.0 = Release|Any CPU
	EndGlobalSection
	GlobalSection(SolutionProperties) = preSolution
		HideSolutionNode = FALSE
	EndGlobalSection
	GlobalSection(ExtensibilityGlobals) = postSolution
		SolutionGuid = {DD01F05B-4700-4CE8-8EC5-A072CF51CB50}
	EndGlobalSection
EndGlobal
