
Microsoft Visual Studio Solution File, Format Version 12.00
# Visual Studio Version 16
VisualStudioVersion = 16.0.31702.278
MinimumVisualStudioVersion = 10.0.40219.1
Project("{FAE04EC0-301F-11D3-BF4B-00C04F79EFBC}") = "MyUnitTestApp", "MyUnitTestApp\MyUnitTestApp.csproj", "{E9DBAEF9-BFE3-431E-8FBE-1D4F8CBBA8FD}"
EndProject
Project("{FAE04EC0-301F-11D3-BF4B-00C04F79EFBC}") = "MyUnitTestAppTests", "MyUnitTestAppTests\MyUnitTestAppTests.csproj", "{BDD380CD-DEB2-468F-A7C9-34BB08712DC1}"
EndProject
Global
	GlobalSection(SolutionConfigurationPlatforms) = preSolution
		Debug|Any CPU = Debug|Any CPU
		Release|Any CPU = Release|Any CPU
	EndGlobalSection
	GlobalSection(ProjectConfigurationPlatforms) = postSolution
		{E9DBAEF9-BFE3-431E-8FBE-1D4F8CBBA8FD}.Debug|Any CPU.ActiveCfg = Debug|Any CPU
		{E9DBAEF9-BFE3-431E-8FBE-1D4F8CBBA8FD}.Debug|Any CPU.Build.0 = Debug|Any CPU
		{E9DBAEF9-BFE3-431E-8FBE-1D4F8CBBA8FD}.Release|Any CPU.ActiveCfg = Release|Any CPU
		{E9DBAEF9-BFE3-431E-8FBE-1D4F8CBBA8FD}.Release|Any CPU.Build.0 = Release|Any CPU
		{BDD380CD-DEB2-468F-A7C9-34BB08712DC1}.Debug|Any CPU.ActiveCfg = Debug|Any CPU
		{BDD380CD-DEB2-468F-A7C9-34BB08712DC1}.Debug|Any CPU.Build.0 = Debug|Any CPU
		{BDD380CD-DEB2-468F-A7C9-34BB08712DC1}.Release|Any CPU.ActiveCfg = Release|Any CPU
		{BDD380CD-DEB2-468F-A7C9-34BB08712DC1}.Release|Any CPU.Build.0 = Release|Any CPU
	EndGlobalSection
	GlobalSection(SolutionProperties) = preSolution
		HideSolutionNode = FALSE
	EndGlobalSection
	GlobalSection(ExtensibilityGlobals) = postSolution
		SolutionGuid = {439FAED2-BD66-4609-A24D-D4B556AA640B}
	EndGlobalSection
EndGlobal
