
Microsoft Visual Studio Solution File, Format Version 12.00
# Visual Studio Version 16
VisualStudioVersion = 16.0.31702.278
MinimumVisualStudioVersion = 10.0.40219.1
Project("{FAE04EC0-301F-11D3-BF4B-00C04F79EFBC}") = "AccountToStringEqualityApp", "AccountToStringEqualityApp\AccountToStringEqualityApp.csproj", "{886F0F88-C438-4AD9-B46A-060397E78633}"
EndProject
Global
	GlobalSection(SolutionConfigurationPlatforms) = preSolution
		Debug|Any CPU = Debug|Any CPU
		Release|Any CPU = Release|Any CPU
	EndGlobalSection
	GlobalSection(ProjectConfigurationPlatforms) = postSolution
		{886F0F88-C438-4AD9-B46A-060397E78633}.Debug|Any CPU.ActiveCfg = Debug|Any CPU
		{886F0F88-C438-4AD9-B46A-060397E78633}.Debug|Any CPU.Build.0 = Debug|Any CPU
		{886F0F88-C438-4AD9-B46A-060397E78633}.Release|Any CPU.ActiveCfg = Release|Any CPU
		{886F0F88-C438-4AD9-B46A-060397E78633}.Release|Any CPU.Build.0 = Release|Any CPU
	EndGlobalSection
	GlobalSection(SolutionProperties) = preSolution
		HideSolutionNode = FALSE
	EndGlobalSection
	GlobalSection(ExtensibilityGlobals) = postSolution
		SolutionGuid = {8790A31A-C7A8-405E-8C29-9A8C1178515F}
	EndGlobalSection
EndGlobal
