
Microsoft Visual Studio Solution File, Format Version 12.00
# Visual Studio Version 16
VisualStudioVersion = 16.0.31702.278
MinimumVisualStudioVersion = 10.0.40219.1
Project("{FAE04EC0-301F-11D3-BF4B-00C04F79EFBC}") = "ShoppingCartLib", "ShoppingCartLib\ShoppingCartLib.csproj", "{1780F37A-F7E6-41AE-B0AF-796C87D8B838}"
EndProject
Project("{FAE04EC0-301F-11D3-BF4B-00C04F79EFBC}") = "ShoppingCartLib.Test", "ShoppingCartLib.Test\ShoppingCartLib.Test.csproj", "{88415F8D-9658-4D27-A959-CD1D76D2CF68}"
EndProject
Global
	GlobalSection(SolutionConfigurationPlatforms) = preSolution
		Debug|Any CPU = Debug|Any CPU
		Release|Any CPU = Release|Any CPU
	EndGlobalSection
	GlobalSection(ProjectConfigurationPlatforms) = postSolution
		{1780F37A-F7E6-41AE-B0AF-796C87D8B838}.Debug|Any CPU.ActiveCfg = Debug|Any CPU
		{1780F37A-F7E6-41AE-B0AF-796C87D8B838}.Debug|Any CPU.Build.0 = Debug|Any CPU
		{1780F37A-F7E6-41AE-B0AF-796C87D8B838}.Release|Any CPU.ActiveCfg = Release|Any CPU
		{1780F37A-F7E6-41AE-B0AF-796C87D8B838}.Release|Any CPU.Build.0 = Release|Any CPU
		{88415F8D-9658-4D27-A959-CD1D76D2CF68}.Debug|Any CPU.ActiveCfg = Debug|Any CPU
		{88415F8D-9658-4D27-A959-CD1D76D2CF68}.Debug|Any CPU.Build.0 = Debug|Any CPU
		{88415F8D-9658-4D27-A959-CD1D76D2CF68}.Release|Any CPU.ActiveCfg = Release|Any CPU
		{88415F8D-9658-4D27-A959-CD1D76D2CF68}.Release|Any CPU.Build.0 = Release|Any CPU
	EndGlobalSection
	GlobalSection(SolutionProperties) = preSolution
		HideSolutionNode = FALSE
	EndGlobalSection
	GlobalSection(ExtensibilityGlobals) = postSolution
		SolutionGuid = {98F76F6E-6FA3-415F-B854-5BE4CE351CDB}
	EndGlobalSection
EndGlobal
