
Microsoft Visual Studio Solution File, Format Version 12.00
# Visual Studio Version 16
VisualStudioVersion = 16.0.31702.278
MinimumVisualStudioVersion = 10.0.40219.1
Project("{FAE04EC0-301F-11D3-BF4B-00C04F79EFBC}") = "CustomAttributeApp", "CustomAttributeApp\CustomAttributeApp.csproj", "{EE949C13-03E7-4D9D-87CD-6776665935D9}"
EndProject
Global
	GlobalSection(SolutionConfigurationPlatforms) = preSolution
		Debug|Any CPU = Debug|Any CPU
		Release|Any CPU = Release|Any CPU
	EndGlobalSection
	GlobalSection(ProjectConfigurationPlatforms) = postSolution
		{EE949C13-03E7-4D9D-87CD-6776665935D9}.Debug|Any CPU.ActiveCfg = Debug|Any CPU
		{EE949C13-03E7-4D9D-87CD-6776665935D9}.Debug|Any CPU.Build.0 = Debug|Any CPU
		{EE949C13-03E7-4D9D-87CD-6776665935D9}.Release|Any CPU.ActiveCfg = Release|Any CPU
		{EE949C13-03E7-4D9D-87CD-6776665935D9}.Release|Any CPU.Build.0 = Release|Any CPU
	EndGlobalSection
	GlobalSection(SolutionProperties) = preSolution
		HideSolutionNode = FALSE
	EndGlobalSection
	GlobalSection(ExtensibilityGlobals) = postSolution
		SolutionGuid = {32B5F654-0ACA-4F8A-BE65-3AAFCDD7607B}
	EndGlobalSection
EndGlobal
