
Microsoft Visual Studio Solution File, Format Version 12.00
# Visual Studio Version 16
VisualStudioVersion = 16.0.31702.278
MinimumVisualStudioVersion = 10.0.40219.1
Project("{FAE04EC0-301F-11D3-BF4B-00C04F79EFBC}") = "LSPsolutionApp", "LSPsolutionApp\LSPsolutionApp.csproj", "{8E9BCBCE-0E02-4ADD-8716-2E90CACC8FC0}"
EndProject
Project("{FAE04EC0-301F-11D3-BF4B-00C04F79EFBC}") = "LSPVoilatonApp", "LSPVoilatonApp\LSPVoilatonApp.csproj", "{4F63D0EE-D785-4365-967B-1CF063FDB978}"
EndProject
Project("{FAE04EC0-301F-11D3-BF4B-00C04F79EFBC}") = "LSPSolutionTEst", "LSPSolutionTEst\LSPSolutionTEst.csproj", "{7F93C69C-B27B-46B8-A915-3893CF288EB5}"
EndProject
Global
	GlobalSection(SolutionConfigurationPlatforms) = preSolution
		Debug|Any CPU = Debug|Any CPU
		Release|Any CPU = Release|Any CPU
	EndGlobalSection
	GlobalSection(ProjectConfigurationPlatforms) = postSolution
		{8E9BCBCE-0E02-4ADD-8716-2E90CACC8FC0}.Debug|Any CPU.ActiveCfg = Debug|Any CPU
		{8E9BCBCE-0E02-4ADD-8716-2E90CACC8FC0}.Debug|Any CPU.Build.0 = Debug|Any CPU
		{8E9BCBCE-0E02-4ADD-8716-2E90CACC8FC0}.Release|Any CPU.ActiveCfg = Release|Any CPU
		{8E9BCBCE-0E02-4ADD-8716-2E90CACC8FC0}.Release|Any CPU.Build.0 = Release|Any CPU
		{4F63D0EE-D785-4365-967B-1CF063FDB978}.Debug|Any CPU.ActiveCfg = Debug|Any CPU
		{4F63D0EE-D785-4365-967B-1CF063FDB978}.Debug|Any CPU.Build.0 = Debug|Any CPU
		{4F63D0EE-D785-4365-967B-1CF063FDB978}.Release|Any CPU.ActiveCfg = Release|Any CPU
		{4F63D0EE-D785-4365-967B-1CF063FDB978}.Release|Any CPU.Build.0 = Release|Any CPU
		{7F93C69C-B27B-46B8-A915-3893CF288EB5}.Debug|Any CPU.ActiveCfg = Debug|Any CPU
		{7F93C69C-B27B-46B8-A915-3893CF288EB5}.Debug|Any CPU.Build.0 = Debug|Any CPU
		{7F93C69C-B27B-46B8-A915-3893CF288EB5}.Release|Any CPU.ActiveCfg = Release|Any CPU
		{7F93C69C-B27B-46B8-A915-3893CF288EB5}.Release|Any CPU.Build.0 = Release|Any CPU
	EndGlobalSection
	GlobalSection(SolutionProperties) = preSolution
		HideSolutionNode = FALSE
	EndGlobalSection
	GlobalSection(ExtensibilityGlobals) = postSolution
		SolutionGuid = {40835FAB-8F4C-4CD9-92FF-BB781B97A33B}
	EndGlobalSection
EndGlobal
